
Microsoft Visual Studio Solution File, Format Version 12.00
# Visual Studio Version 17
VisualStudioVersion = 17.9.34607.119
MinimumVisualStudioVersion = 10.0.40219.1
Project("{9A19103F-16F7-4668-BE54-9A1E7A4F7556}") = "Kyoshin_REI_MAUI_8", "Kyoshin_REI_MAUI_8\Kyoshin_REI_MAUI_8.csproj", "{84AC83BE-5136-4155-9588-21F5A6C94642}"
EndProject
Global
	GlobalSection(SolutionConfigurationPlatforms) = preSolution
		Debug|Any CPU = Debug|Any CPU
		Debug|x64 = Debug|x64
		Release|Any CPU = Release|Any CPU
		Release|x64 = Release|x64
	EndGlobalSection
	GlobalSection(ProjectConfigurationPlatforms) = postSolution
		{84AC83BE-5136-4155-9588-21F5A6C94642}.Debug|Any CPU.ActiveCfg = Debug|Any CPU
		{84AC83BE-5136-4155-9588-21F5A6C94642}.Debug|Any CPU.Build.0 = Debug|Any CPU
		{84AC83BE-5136-4155-9588-21F5A6C94642}.Debug|Any CPU.Deploy.0 = Debug|Any CPU
		{84AC83BE-5136-4155-9588-21F5A6C94642}.Debug|x64.ActiveCfg = Debug|x64
		{84AC83BE-5136-4155-9588-21F5A6C94642}.Debug|x64.Build.0 = Debug|x64
		{84AC83BE-5136-4155-9588-21F5A6C94642}.Debug|x64.Deploy.0 = Debug|x64
		{84AC83BE-5136-4155-9588-21F5A6C94642}.Release|Any CPU.ActiveCfg = Release|Any CPU
		{84AC83BE-5136-4155-9588-21F5A6C94642}.Release|Any CPU.Build.0 = Release|Any CPU
		{84AC83BE-5136-4155-9588-21F5A6C94642}.Release|Any CPU.Deploy.0 = Release|Any CPU
		{84AC83BE-5136-4155-9588-21F5A6C94642}.Release|x64.ActiveCfg = Release|x64
		{84AC83BE-5136-4155-9588-21F5A6C94642}.Release|x64.Build.0 = Release|x64
		{84AC83BE-5136-4155-9588-21F5A6C94642}.Release|x64.Deploy.0 = Release|x64
	EndGlobalSection
	GlobalSection(SolutionProperties) = preSolution
		HideSolutionNode = FALSE
	EndGlobalSection
	GlobalSection(ExtensibilityGlobals) = postSolution
		SolutionGuid = {98039E44-AE77-4A56-98FB-34DF4866384A}
	EndGlobalSection
EndGlobal
